{
    "hash": "995b8e37e60b2a81d082d44e9c59d55e",
    "packages": [
        {
            "package": "doctrine/common",
            "version": "2.2.1"
        },
        {
            "package": "fate/silex-extentions",
            "version": "dev-master",
            "source-reference": "origin/master"
        },
        {
            "package": "kriswallsmith/assetic",
            "version": "1.0.x-dev",
            "source-reference": "14505a5dea4c8fbf3513b70608ba585d5235ee8b"
        },
        {
            "package": "monolog/monolog",
            "version": "dev-master",
            "source-reference": "6c15897ac74bd53572328094eacf03fbb7b8bca7"
        },
        {
            "package": "pimple/pimple",
            "version": "dev-master",
            "source-reference": "321db91e49b6cf8cbeed58d8db662d40de96d2c3"
        },
        {
            "package": "silex/silex",
            "version": "dev-master",
            "source-reference": "1d62671cb0db7b41c33ce87fb4fffc269a9eaf76"
        },
        {
            "package": "symfony/browser-kit",
            "version": "dev-master",
            "source-reference": "15c0a5f96283399eabcd71a957522c3e39d646ef",
            "alias": "2.1.9999999.9999999-dev"
        },
        {
            "package": "symfony/class-loader",
            "version": "dev-master",
            "source-reference": "da83c40b126ce8622fc052332b2c54a135ed976c",
            "alias": "2.1.9999999.9999999-dev"
        },
        {
            "package": "symfony/config",
            "version": "dev-master",
            "source-reference": "2360cb2273784f2b356c43dbcecfe1804730ee8d",
            "alias": "2.1.9999999.9999999-dev"
        },
        {
            "package": "symfony/css-selector",
            "version": "dev-master",
            "source-reference": "5fadf85067442c6aa0e76e407eca3a2b60e910c5",
            "alias": "2.1.9999999.9999999-dev"
        },
        {
            "package": "symfony/dom-crawler",
            "version": "dev-master",
            "source-reference": "d35d208382d6e23a39a9e3c09357801b911eead6",
            "alias": "2.1.9999999.9999999-dev"
        },
        {
            "package": "symfony/event-dispatcher",
            "version": "dev-master",
            "source-reference": "502614d7dcd2260d0adaef19a344cbd42aa29adf",
            "alias": "2.1.9999999.9999999-dev"
        },
        {
            "package": "symfony/finder",
            "version": "dev-master",
            "source-reference": "be30ecc95281d729ee51b9e89644d442bcf60451",
            "alias": "2.1.9999999.9999999-dev"
        },
        {
            "package": "symfony/form",
            "version": "dev-master",
            "source-reference": "1bef160814ba0a5ce90aeda6c527d19af490ebdc",
            "alias": "2.1.9999999.9999999-dev"
        },
        {
            "package": "symfony/http-foundation",
            "version": "dev-master",
            "source-reference": "ec8ce75d0ec64dfe6de235a7c92282bae066532d",
            "alias": "2.1.9999999.9999999-dev"
        },
        {
            "package": "symfony/http-kernel",
            "version": "dev-master",
            "source-reference": "cb9201083399274f54437b8177bf983fc185f404",
            "alias": "2.1.9999999.9999999-dev"
        },
        {
            "package": "symfony/locale",
            "version": "dev-master",
            "source-reference": "824ddfa3c3a279ccdd451ad57db4d26dedb59214",
            "alias": "2.1.9999999.9999999-dev"
        },
        {
            "package": "symfony/process",
            "version": "dev-master",
            "source-reference": "8cf4f692dacd94261548c12e90ef310a609a054c",
            "alias": "2.1.9999999.9999999-dev"
        },
        {
            "package": "symfony/routing",
            "version": "dev-master",
            "source-reference": "db09d0ee5032ab1320966ba7610c576ce7fb1368",
            "alias": "2.1.9999999.9999999-dev"
        },
        {
            "package": "symfony/translation",
            "version": "dev-master",
            "source-reference": "fdb2cdd093893b7912c98940f4dd6aacae66bdee",
            "alias": "2.1.9999999.9999999-dev"
        },
        {
            "package": "symfony/twig-bridge",
            "version": "dev-master",
            "source-reference": "a8499b86d42caec3079f11cbea745e60e728cfa4",
            "alias": "2.1.9999999.9999999-dev"
        },
        {
            "package": "symfony/validator",
            "version": "dev-master",
            "source-reference": "2dc01d110185b9d8eef111cafe3254d3e9a19268",
            "alias": "2.1.9999999.9999999-dev"
        },
        {
            "package": "symfony/yaml",
            "version": "dev-master",
            "source-reference": "2552c643a158ee7fb6c52c0dd55806055c575841",
            "alias": "2.1.9999999.9999999-dev"
        },
        {
            "package": "twig/twig",
            "version": "1.6.2"
        },
        {
            "package": "twitter/bootstrap",
            "version": "1.4.0"
        }
    ],
    "aliases": []
}
